
Microsoft Visual Studio Solution File, Format Version 12.00
# Visual Studio Version 16
VisualStudioVersion = 16.0.32228.343
MinimumVisualStudioVersion = 10.0.40219.1
Project("{FAE04EC0-301F-11D3-BF4B-00C04F79EFBC}") = "AzureDemoHands789", "AzureDemoHands789.csproj", "{7A9529FB-A310-4CEF-A153-90BEDC65A57A}"
EndProject
Global
	GlobalSection(SolutionConfigurationPlatforms) = preSolution
		Debug|Any CPU = Debug|Any CPU
		Release|Any CPU = Release|Any CPU
	EndGlobalSection
	GlobalSection(ProjectConfigurationPlatforms) = postSolution
		{7A9529FB-A310-4CEF-A153-90BEDC65A57A}.Debug|Any CPU.ActiveCfg = Debug|Any CPU
		{7A9529FB-A310-4CEF-A153-90BEDC65A57A}.Debug|Any CPU.Build.0 = Debug|Any CPU
		{7A9529FB-A310-4CEF-A153-90BEDC65A57A}.Release|Any CPU.ActiveCfg = Release|Any CPU
		{7A9529FB-A310-4CEF-A153-90BEDC65A57A}.Release|Any CPU.Build.0 = Release|Any CPU
	EndGlobalSection
	GlobalSection(SolutionProperties) = preSolution
		HideSolutionNode = FALSE
	EndGlobalSection
	GlobalSection(ExtensibilityGlobals) = postSolution
		SolutionGuid = {2C06A20E-790B-4542-B9CB-05423BD54E19}
	EndGlobalSection
EndGlobal
